
Microsoft Visual Studio Solution File, Format Version 12.00
# Visual Studio Version 17
VisualStudioVersion = 17.11.35219.272
MinimumVisualStudioVersion = 10.0.40219.1
Project("{888888A0-9F3D-457C-B088-3A5042F75D52}") = "Discussion Posts Code", "Discussion Posts Code.pyproj", "{45E89AF1-BE22-4B6D-A089-5207EF12B706}"
EndProject
Global
	GlobalSection(SolutionConfigurationPlatforms) = preSolution
		Debug|Any CPU = Debug|Any CPU
		Release|Any CPU = Release|Any CPU
	EndGlobalSection
	GlobalSection(ProjectConfigurationPlatforms) = postSolution
		{45E89AF1-BE22-4B6D-A089-5207EF12B706}.Debug|Any CPU.ActiveCfg = Debug|Any CPU
		{45E89AF1-BE22-4B6D-A089-5207EF12B706}.Release|Any CPU.ActiveCfg = Release|Any CPU
	EndGlobalSection
	GlobalSection(SolutionProperties) = preSolution
		HideSolutionNode = FALSE
	EndGlobalSection
	GlobalSection(ExtensibilityGlobals) = postSolution
		SolutionGuid = {6931A2EC-77BB-4B28-87DA-620FCA2F731A}
	EndGlobalSection
EndGlobal
